
Microsoft Visual Studio Solution File, Format Version 12.00
# Visual Studio Version 17
VisualStudioVersion = 17.6.33712.159
MinimumVisualStudioVersion = 10.0.40219.1
Project("{FAE04EC0-301F-11D3-BF4B-00C04F79EFBC}") = "Ex004", "Ex004\Ex004.csproj", "{5FC842E2-8EC6-4175-924E-595493D7BA23}"
EndProject
Global
	GlobalSection(SolutionConfigurationPlatforms) = preSolution
		Debug|Any CPU = Debug|Any CPU
		Release|Any CPU = Release|Any CPU
	EndGlobalSection
	GlobalSection(ProjectConfigurationPlatforms) = postSolution
		{5FC842E2-8EC6-4175-924E-595493D7BA23}.Debug|Any CPU.ActiveCfg = Debug|Any CPU
		{5FC842E2-8EC6-4175-924E-595493D7BA23}.Debug|Any CPU.Build.0 = Debug|Any CPU
		{5FC842E2-8EC6-4175-924E-595493D7BA23}.Release|Any CPU.ActiveCfg = Release|Any CPU
		{5FC842E2-8EC6-4175-924E-595493D7BA23}.Release|Any CPU.Build.0 = Release|Any CPU
	EndGlobalSection
	GlobalSection(SolutionProperties) = preSolution
		HideSolutionNode = FALSE
	EndGlobalSection
	GlobalSection(ExtensibilityGlobals) = postSolution
		SolutionGuid = {52997262-A6FD-448A-B278-B2CBDA12D3AC}
	EndGlobalSection
EndGlobal
